{
  "lockfile_version": "1",
  "packages": {
    "arduino-cli@latest": {
      "last_modified": "2024-04-25T03:38:28-04:00",
      "resolved": "github:NixOS/nixpkgs/b0d52b31f7f4d80f8bf38f0253652125579c35ff#arduino-cli",
      "source": "devbox-search",
      "version": "0.35.3",
      "systems": {
        "aarch64-darwin": {
          "outputs": [
            {
              "name": "out",
              "path": "/nix/store/v2b50whx1kdm9izbxgd9kg4xx07v7nnz-arduino-cli-0.35.3",
              "default": true
            }
          ],
          "store_path": "/nix/store/v2b50whx1kdm9izbxgd9kg4xx07v7nnz-arduino-cli-0.35.3"
        },
        "aarch64-linux": {
          "outputs": [
            {
              "name": "out",
              "path": "/nix/store/6srgph2h2zckygy7hs9j6g2671pdvxgj-arduino-cli-0.35.3",
              "default": true
            }
          ],
          "store_path": "/nix/store/6srgph2h2zckygy7hs9j6g2671pdvxgj-arduino-cli-0.35.3"
        },
        "x86_64-darwin": {
          "outputs": [
            {
              "name": "out",
              "path": "/nix/store/cblw0757qgi14hcyg9l98ihdqj3l1ya8-arduino-cli-0.35.3",
              "default": true
            }
          ],
          "store_path": "/nix/store/cblw0757qgi14hcyg9l98ihdqj3l1ya8-arduino-cli-0.35.3"
        },
        "x86_64-linux": {
          "outputs": [
            {
              "name": "out",
              "path": "/nix/store/84lz71kw085fi851sniqwql8jrwq061r-arduino-cli-0.35.3",
              "default": true
            }
          ],
          "store_path": "/nix/store/84lz71kw085fi851sniqwql8jrwq061r-arduino-cli-0.35.3"
        }
      }
    },
    "bun@latest": {
      "last_modified": "2024-04-19T17:36:04-04:00",
      "resolved": "github:NixOS/nixpkgs/92d295f588631b0db2da509f381b4fb1e74173c5#bun",
      "source": "devbox-search",
      "version": "1.1.4",
      "systems": {
        "aarch64-darwin": {
          "outputs": [
            {
              "name": "out",
              "path": "/nix/store/fiwjsimc76cj65jkv5igazikqkd8zcns-bun-1.1.4",
              "default": true
            }
          ],
          "store_path": "/nix/store/fiwjsimc76cj65jkv5igazikqkd8zcns-bun-1.1.4"
        },
        "aarch64-linux": {
          "outputs": [
            {
              "name": "out",
              "path": "/nix/store/vkhqs4p1clbarknbnjbk2riphqlrrx30-bun-1.1.4",
              "default": true
            }
          ],
          "store_path": "/nix/store/vkhqs4p1clbarknbnjbk2riphqlrrx30-bun-1.1.4"
        },
        "x86_64-darwin": {
          "outputs": [
            {
              "name": "out",
              "path": "/nix/store/xrpxfnbpqpzls14950ngwamxr7v6paa1-bun-1.1.4",
              "default": true
            }
          ],
          "store_path": "/nix/store/xrpxfnbpqpzls14950ngwamxr7v6paa1-bun-1.1.4"
        },
        "x86_64-linux": {
          "outputs": [
            {
              "name": "out",
              "path": "/nix/store/899zg048mw6cwc8z87aky9hsy61iz612-bun-1.1.4",
              "default": true
            }
          ],
          "store_path": "/nix/store/899zg048mw6cwc8z87aky9hsy61iz612-bun-1.1.4"
        }
      }
    },
    "docker-compose@latest": {
      "last_modified": "2024-04-19T17:36:04-04:00",
      "resolved": "github:NixOS/nixpkgs/92d295f588631b0db2da509f381b4fb1e74173c5#docker-compose",
      "source": "devbox-search",
      "version": "2.26.1",
      "systems": {
        "aarch64-darwin": {
          "outputs": [
            {
              "name": "out",
              "path": "/nix/store/vzf0m7fmrahv7ag80vpmsg6il3gdpdvh-docker-compose-2.26.1",
              "default": true
            }
          ],
          "store_path": "/nix/store/vzf0m7fmrahv7ag80vpmsg6il3gdpdvh-docker-compose-2.26.1"
        },
        "aarch64-linux": {
          "outputs": [
            {
              "name": "out",
              "path": "/nix/store/ja7132xnw5lzz8qvxmq44b4hkfi42rfy-docker-compose-2.26.1",
              "default": true
            }
          ],
          "store_path": "/nix/store/ja7132xnw5lzz8qvxmq44b4hkfi42rfy-docker-compose-2.26.1"
        },
        "x86_64-darwin": {
          "outputs": [
            {
              "name": "out",
              "path": "/nix/store/7bjrsgdh3h37909gg8vlh09aqamjsshx-docker-compose-2.26.1",
              "default": true
            }
          ],
          "store_path": "/nix/store/7bjrsgdh3h37909gg8vlh09aqamjsshx-docker-compose-2.26.1"
        },
        "x86_64-linux": {
          "outputs": [
            {
              "name": "out",
              "path": "/nix/store/mn13vcxl4nd6yx4968simkpfrpxypxbn-docker-compose-2.26.1",
              "default": true
            }
          ],
          "store_path": "/nix/store/mn13vcxl4nd6yx4968simkpfrpxypxbn-docker-compose-2.26.1"
        }
      }
    },
    "docker@latest": {
      "last_modified": "2024-04-26T22:17:36-04:00",
      "resolved": "github:NixOS/nixpkgs/698fd43e541a6b8685ed408aaf7a63561018f9f8#docker",
      "source": "devbox-search",
      "version": "24.0.5",
      "systems": {
        "aarch64-darwin": {
          "outputs": [
            {
              "name": "out",
              "path": "/nix/store/rq15kjwa4gjq9h8scbchxi9nyvrg44ab-docker-24.0.5",
              "default": true
            }
          ],
          "store_path": "/nix/store/rq15kjwa4gjq9h8scbchxi9nyvrg44ab-docker-24.0.5"
        },
        "aarch64-linux": {
          "outputs": [
            {
              "name": "out",
              "path": "/nix/store/ikxn41lp9cs7hwbd395f4yvpv5cqlpg6-docker-24.0.5",
              "default": true
            }
          ],
          "store_path": "/nix/store/ikxn41lp9cs7hwbd395f4yvpv5cqlpg6-docker-24.0.5"
        },
        "x86_64-darwin": {
          "outputs": [
            {
              "name": "out",
              "path": "/nix/store/ww9ncrcjwl2zvpfvz88z01yhasv3598k-docker-24.0.5",
              "default": true
            }
          ],
          "store_path": "/nix/store/ww9ncrcjwl2zvpfvz88z01yhasv3598k-docker-24.0.5"
        },
        "x86_64-linux": {
          "outputs": [
            {
              "name": "out",
              "path": "/nix/store/l28bkngsdil03fnbb6sl0hal1zs7qh3q-docker-24.0.5",
              "default": true
            }
          ],
          "store_path": "/nix/store/l28bkngsdil03fnbb6sl0hal1zs7qh3q-docker-24.0.5"
        }
      }
    },
    "nodePackages.node-red@latest": {
      "last_modified": "2024-04-19T17:36:04-04:00",
      "resolved": "github:NixOS/nixpkgs/92d295f588631b0db2da509f381b4fb1e74173c5#nodePackages.node-red",
      "source": "devbox-search",
      "version": "3.1.7",
      "systems": {
        "aarch64-darwin": {
          "outputs": [
            {
              "name": "out",
              "path": "/nix/store/qcc57mxwr475x43xy7s1m4s52m0hypgr-node-red-3.1.7",
              "default": true
            }
          ],
          "store_path": "/nix/store/qcc57mxwr475x43xy7s1m4s52m0hypgr-node-red-3.1.7"
        },
        "aarch64-linux": {
          "outputs": [
            {
              "name": "out",
              "path": "/nix/store/l2c65lb4ymkzzcy5qg2j1ms13kl52bjx-node-red-3.1.7",
              "default": true
            }
          ],
          "store_path": "/nix/store/l2c65lb4ymkzzcy5qg2j1ms13kl52bjx-node-red-3.1.7"
        },
        "x86_64-darwin": {
          "outputs": [
            {
              "name": "out",
              "path": "/nix/store/9l0656fy06scmqnhgdm5zajm925lbylm-node-red-3.1.7",
              "default": true
            }
          ],
          "store_path": "/nix/store/9l0656fy06scmqnhgdm5zajm925lbylm-node-red-3.1.7"
        },
        "x86_64-linux": {
          "outputs": [
            {
              "name": "out",
              "path": "/nix/store/crcd3c3maifq9xmlfwbv60y50xw0b0sa-node-red-3.1.7",
              "default": true
            }
          ],
          "store_path": "/nix/store/crcd3c3maifq9xmlfwbv60y50xw0b0sa-node-red-3.1.7"
        }
      }
    },
    "nodePackages.pnpm@latest": {
      "last_modified": "2024-04-19T17:36:04-04:00",
      "resolved": "github:NixOS/nixpkgs/92d295f588631b0db2da509f381b4fb1e74173c5#nodePackages.pnpm",
      "source": "devbox-search",
      "version": "8.15.5",
      "systems": {
        "aarch64-darwin": {
          "outputs": [
            {
              "name": "out",
              "path": "/nix/store/jbg4q45z6lns5jbsyxi3lkwhl5scc3fi-pnpm-8.15.5",
              "default": true
            }
          ],
          "store_path": "/nix/store/jbg4q45z6lns5jbsyxi3lkwhl5scc3fi-pnpm-8.15.5"
        },
        "aarch64-linux": {
          "outputs": [
            {
              "name": "out",
              "path": "/nix/store/0k4g0nf09c8pqz5r5pg0c9jq3j65raqj-pnpm-8.15.5",
              "default": true
            }
          ],
          "store_path": "/nix/store/0k4g0nf09c8pqz5r5pg0c9jq3j65raqj-pnpm-8.15.5"
        },
        "x86_64-darwin": {
          "outputs": [
            {
              "name": "out",
              "path": "/nix/store/hg921s0x2cmpbpn6xlljgdy91hwm9byn-pnpm-8.15.5",
              "default": true
            }
          ],
          "store_path": "/nix/store/hg921s0x2cmpbpn6xlljgdy91hwm9byn-pnpm-8.15.5"
        },
        "x86_64-linux": {
          "outputs": [
            {
              "name": "out",
              "path": "/nix/store/sfdclih2whss59h76k3slxwf47yv4sah-pnpm-8.15.5",
              "default": true
            }
          ],
          "store_path": "/nix/store/sfdclih2whss59h76k3slxwf47yv4sah-pnpm-8.15.5"
        }
      }
    },
    "nodejs@latest": {
      "last_modified": "2024-05-13T18:06:16Z",
      "plugin_version": "0.0.2",
      "resolved": "github:NixOS/nixpkgs/1daef0114a6074be56586f2cf81898ed142e1e44#nodejs_22",
      "source": "devbox-search",
      "version": "22.0.0",
      "systems": {
        "aarch64-darwin": {
          "outputs": [
            {
              "name": "out",
              "path": "/nix/store/m5qp112sg85v6kx5xkz8ka8hlhrwmflp-nodejs-22.0.0",
              "default": true
            },
            {
              "name": "libv8",
              "path": "/nix/store/rcnzrhz0dbl9yxha9babgii3lgqla8y5-nodejs-22.0.0-libv8"
            }
          ],
          "store_path": "/nix/store/m5qp112sg85v6kx5xkz8ka8hlhrwmflp-nodejs-22.0.0"
        },
        "aarch64-linux": {
          "outputs": [
            {
              "name": "out",
              "path": "/nix/store/bxx8mqn7130jn89bvcqy48k21w3mjq3n-nodejs-22.0.0",
              "default": true
            },
            {
              "name": "libv8",
              "path": "/nix/store/qlnfvz88rgfq44hmr5zja93bgx31dq0r-nodejs-22.0.0-libv8"
            }
          ],
          "store_path": "/nix/store/bxx8mqn7130jn89bvcqy48k21w3mjq3n-nodejs-22.0.0"
        },
        "x86_64-darwin": {
          "outputs": [
            {
              "name": "out",
              "path": "/nix/store/yp7cmg4vd1ajvk5v0gkrhjac9p5mpr40-nodejs-22.0.0",
              "default": true
            },
            {
              "name": "libv8",
              "path": "/nix/store/1qs77px0bv35nhiz0zci5lhzf6drwzfz-nodejs-22.0.0-libv8"
            }
          ],
          "store_path": "/nix/store/yp7cmg4vd1ajvk5v0gkrhjac9p5mpr40-nodejs-22.0.0"
        },
        "x86_64-linux": {
          "outputs": [
            {
              "name": "out",
              "path": "/nix/store/dywynyfrnsd39sl913sr5nmc5k2j22bp-nodejs-22.0.0",
              "default": true
            },
            {
              "name": "libv8",
              "path": "/nix/store/8b8dq4z74lvfqgjkvp4d8xjimvmwqdyy-nodejs-22.0.0-libv8"
            }
          ],
          "store_path": "/nix/store/dywynyfrnsd39sl913sr5nmc5k2j22bp-nodejs-22.0.0"
        }
      }
    }
  }
}
